
Microsoft Visual Studio Solution File, Format Version 12.00
# Visual Studio 2013
VisualStudioVersion = 12.0.21005.1
MinimumVisualStudioVersion = 10.0.40219.1
Project("{FAE04EC0-301F-11D3-BF4B-00C04F79EFBC}") = "Question04", "Question04\Question04.csproj", "{8AC146E3-A2AE-4E8C-A914-1DD86A1070CA}"
EndProject
Global
	GlobalSection(SolutionConfigurationPlatforms) = preSolution
		Debug|Any CPU = Debug|Any CPU
		Release|Any CPU = Release|Any CPU
	EndGlobalSection
	GlobalSection(ProjectConfigurationPlatforms) = postSolution
		{8AC146E3-A2AE-4E8C-A914-1DD86A1070CA}.Debug|Any CPU.ActiveCfg = Debug|Any CPU
		{8AC146E3-A2AE-4E8C-A914-1DD86A1070CA}.Debug|Any CPU.Build.0 = Debug|Any CPU
		{8AC146E3-A2AE-4E8C-A914-1DD86A1070CA}.Release|Any CPU.ActiveCfg = Release|Any CPU
		{8AC146E3-A2AE-4E8C-A914-1DD86A1070CA}.Release|Any CPU.Build.0 = Release|Any CPU
	EndGlobalSection
	GlobalSection(SolutionProperties) = preSolution
		HideSolutionNode = FALSE
	EndGlobalSection
EndGlobal
